
Microsoft Visual Studio Solution File, Format Version 12.00
# Visual Studio 15
VisualStudioVersion = 15.0.27703.2000
MinimumVisualStudioVersion = 10.0.40219.1
Project("{9A19103F-16F7-4668-BE54-9A1E7A4F7556}") = "Packdocs", "..\source\repos\Packdocs\Packdocs\Packdocs.csproj", "{6B45DE70-C604-434B-A3B9-B18475B9E1CC}"
EndProject
Project("{FAE04EC0-301F-11D3-BF4B-00C04F79EFBC}") = "XUnitTestProject1", "..\source\repos\Packdocs\XUnitTestProject1\XUnitTestProject1.csproj", "{E00076F2-DE74-42C3-AF4B-DEBADAA9A90D}"
EndProject
Global
	GlobalSection(SolutionConfigurationPlatforms) = preSolution
		Debug|Any CPU = Debug|Any CPU
		Release|Any CPU = Release|Any CPU
	EndGlobalSection
	GlobalSection(ProjectConfigurationPlatforms) = postSolution
		{6B45DE70-C604-434B-A3B9-B18475B9E1CC}.Debug|Any CPU.ActiveCfg = Debug|Any CPU
		{6B45DE70-C604-434B-A3B9-B18475B9E1CC}.Debug|Any CPU.Build.0 = Debug|Any CPU
		{6B45DE70-C604-434B-A3B9-B18475B9E1CC}.Release|Any CPU.ActiveCfg = Release|Any CPU
		{6B45DE70-C604-434B-A3B9-B18475B9E1CC}.Release|Any CPU.Build.0 = Release|Any CPU
		{E00076F2-DE74-42C3-AF4B-DEBADAA9A90D}.Debug|Any CPU.ActiveCfg = Debug|Any CPU
		{E00076F2-DE74-42C3-AF4B-DEBADAA9A90D}.Debug|Any CPU.Build.0 = Debug|Any CPU
		{E00076F2-DE74-42C3-AF4B-DEBADAA9A90D}.Release|Any CPU.ActiveCfg = Release|Any CPU
		{E00076F2-DE74-42C3-AF4B-DEBADAA9A90D}.Release|Any CPU.Build.0 = Release|Any CPU
	EndGlobalSection
	GlobalSection(SolutionProperties) = preSolution
		HideSolutionNode = FALSE
	EndGlobalSection
	GlobalSection(ExtensibilityGlobals) = postSolution
		SolutionGuid = {66DCD6E8-57AE-4A97-AD88-276B877CA784}
	EndGlobalSection
EndGlobal
